
Microsoft Visual Studio Solution File, Format Version 12.00
# Visual Studio Version 17
VisualStudioVersion = 17.8.34511.84
MinimumVisualStudioVersion = 10.0.40219.1
Project("{FAE04EC0-301F-11D3-BF4B-00C04F79EFBC}") = "FSL.Next", "FSL.Next.csproj", "{79218513-405E-4A3E-AF34-37DF6B2FD4CF}"
EndProject
Global
	GlobalSection(SolutionConfigurationPlatforms) = preSolution
		Debug|Any CPU = Debug|Any CPU
		Release|Any CPU = Release|Any CPU
	EndGlobalSection
	GlobalSection(ProjectConfigurationPlatforms) = postSolution
		{79218513-405E-4A3E-AF34-37DF6B2FD4CF}.Debug|Any CPU.ActiveCfg = Debug|Any CPU
		{79218513-405E-4A3E-AF34-37DF6B2FD4CF}.Debug|Any CPU.Build.0 = Debug|Any CPU
		{79218513-405E-4A3E-AF34-37DF6B2FD4CF}.Release|Any CPU.ActiveCfg = Release|Any CPU
		{79218513-405E-4A3E-AF34-37DF6B2FD4CF}.Release|Any CPU.Build.0 = Release|Any CPU
	EndGlobalSection
	GlobalSection(SolutionProperties) = preSolution
		HideSolutionNode = FALSE
	EndGlobalSection
	GlobalSection(ExtensibilityGlobals) = postSolution
		SolutionGuid = {EAAF9782-A8D2-4633-B34D-1EDEA1321D20}
	EndGlobalSection
EndGlobal
